
Microsoft Visual Studio Solution File, Format Version 12.00
# Visual Studio Version 16
VisualStudioVersion = 16.0.31402.337
MinimumVisualStudioVersion = 10.0.40219.1
Project("{888888A0-9F3D-457C-B088-3A5042F75D52}") = "data_test", "data_test\data_test.pyproj", "{41068449-613B-4151-BFA6-EDD9E5F99AFB}"
EndProject
Global
	GlobalSection(SolutionConfigurationPlatforms) = preSolution
		Debug|Any CPU = Debug|Any CPU
		Release|Any CPU = Release|Any CPU
	EndGlobalSection
	GlobalSection(ProjectConfigurationPlatforms) = postSolution
		{41068449-613B-4151-BFA6-EDD9E5F99AFB}.Debug|Any CPU.ActiveCfg = Debug|Any CPU
		{41068449-613B-4151-BFA6-EDD9E5F99AFB}.Release|Any CPU.ActiveCfg = Release|Any CPU
	EndGlobalSection
	GlobalSection(SolutionProperties) = preSolution
		HideSolutionNode = FALSE
	EndGlobalSection
	GlobalSection(ExtensibilityGlobals) = postSolution
		SolutionGuid = {D252BA32-C55B-4723-9702-0048BF1DCBF9}
	EndGlobalSection
EndGlobal
